// !$*UTF8*$!
{
	archiveVersion = 1;
	classes = {
	};
	objectVersion = 50;
	objects = {

/* Begin PBXBuildFile section */
		09801D009AD84B881C70D8CD /* Pods_FinalProjectDoneTests.framework in Frameworks */ = {isa = PBXBuildFile; fileRef = 4F31DD78436BE3E264477CBE /* Pods_FinalProjectDoneTests.framework */; };
		5D20F72A7AC6BE12E2FA3E14 /* Pods_TodayWidget.framework in Frameworks */ = {isa = PBXBuildFile; fileRef = 8BBDE69AE5459CB3B6602B85 /* Pods_TodayWidget.framework */; };
		8C1C41C221C0152D0099AF6A /* CloudKitManager.swift in Sources */ = {isa = PBXBuildFile; fileRef = 8C1C41C121C0152D0099AF6A /* CloudKitManager.swift */; };
		8C784F8D21B034F700F08C32 /* CloudKit.framework in Frameworks */ = {isa = PBXBuildFile; fileRef = 8C784F8C21B034F700F08C32 /* CloudKit.framework */; };
		8C784F9721B6BE4D00F08C32 /* NotificationCenter.framework in Frameworks */ = {isa = PBXBuildFile; fileRef = 8C784F9621B6BE4D00F08C32 /* NotificationCenter.framework */; };
		8C784FA121B6BE4D00F08C32 /* TodayWidget.appex in Embed App Extensions */ = {isa = PBXBuildFile; fileRef = 8C784F9521B6BE4D00F08C32 /* TodayWidget.appex */; settings = {ATTRIBUTES = (RemoveHeadersOnCopy, ); }; };
		8CAD825621BEE0F7008AE224 /* CoreDataManager.swift in Sources */ = {isa = PBXBuildFile; fileRef = 8CAD825521BEE0F7008AE224 /* CoreDataManager.swift */; };
		8CADA27B21B6CF3300545F89 /* FinalProjectDone.xcdatamodeld in Sources */ = {isa = PBXBuildFile; fileRef = 8CD0C41E215522A300967947 /* FinalProjectDone.xcdatamodeld */; };
		8CADA27C21B6CFB000545F89 /* GoalItem+CoreDataProperties.swift in Sources */ = {isa = PBXBuildFile; fileRef = 8CD0C451215543A200967947 /* GoalItem+CoreDataProperties.swift */; };
		8CADA27D21B6CFB300545F89 /* TaskItem+CoreDataClass.swift in Sources */ = {isa = PBXBuildFile; fileRef = 8CD0C452215543A200967947 /* TaskItem+CoreDataClass.swift */; };
		8CADA27E21B6CFB600545F89 /* TaskItem+CoreDataProperties.swift in Sources */ = {isa = PBXBuildFile; fileRef = 8CD0C453215543A200967947 /* TaskItem+CoreDataProperties.swift */; };
		8CADA28021B6D36C00545F89 /* GoalItem+CoreDataClass.swift in Sources */ = {isa = PBXBuildFile; fileRef = 8CD0C450215543A200967947 /* GoalItem+CoreDataClass.swift */; };
		8CADA28821B71A2700545F89 /* CoreDataStack.swift in Sources */ = {isa = PBXBuildFile; fileRef = 8CADA28721B71A2700545F89 /* CoreDataStack.swift */; };
		8CD0C418215522A300967947 /* AppDelegate.swift in Sources */ = {isa = PBXBuildFile; fileRef = 8CD0C417215522A300967947 /* AppDelegate.swift */; };
		8CD0C41A215522A300967947 /* MainGoalsViewController.swift in Sources */ = {isa = PBXBuildFile; fileRef = 8CD0C419215522A300967947 /* MainGoalsViewController.swift */; };
		8CD0C41D215522A300967947 /* Main.storyboard in Resources */ = {isa = PBXBuildFile; fileRef = 8CD0C41B215522A300967947 /* Main.storyboard */; };
		8CD0C420215522A300967947 /* FinalProjectDone.xcdatamodeld in Sources */ = {isa = PBXBuildFile; fileRef = 8CD0C41E215522A300967947 /* FinalProjectDone.xcdatamodeld */; };
		8CD0C422215522A400967947 /* Assets.xcassets in Resources */ = {isa = PBXBuildFile; fileRef = 8CD0C421215522A400967947 /* Assets.xcassets */; };
		8CD0C425215522A400967947 /* LaunchScreen.storyboard in Resources */ = {isa = PBXBuildFile; fileRef = 8CD0C423215522A400967947 /* LaunchScreen.storyboard */; };
		8CD0C430215522A500967947 /* FinalProjectDoneTests.swift in Sources */ = {isa = PBXBuildFile; fileRef = 8CD0C42F215522A500967947 /* FinalProjectDoneTests.swift */; };
		8CD0C43B215522A500967947 /* FinalProjectDoneUITests.swift in Sources */ = {isa = PBXBuildFile; fileRef = 8CD0C43A215522A500967947 /* FinalProjectDoneUITests.swift */; };
		8CD0C4492155331700967947 /* TaskViewController.swift in Sources */ = {isa = PBXBuildFile; fileRef = 8CD0C4482155331700967947 /* TaskViewController.swift */; };
		8CD0C44B2155342A00967947 /* NewGoalViewController.swift in Sources */ = {isa = PBXBuildFile; fileRef = 8CD0C44A2155342A00967947 /* NewGoalViewController.swift */; };
		8CD0C44D21553C1400967947 /* NewTaskViewController.swift in Sources */ = {isa = PBXBuildFile; fileRef = 8CD0C44C21553C1400967947 /* NewTaskViewController.swift */; };
		8CD0C44F21553F5F00967947 /* IconPickerViewController.swift in Sources */ = {isa = PBXBuildFile; fileRef = 8CD0C44E21553F5F00967947 /* IconPickerViewController.swift */; };
		8CD0C454215543A200967947 /* GoalItem+CoreDataClass.swift in Sources */ = {isa = PBXBuildFile; fileRef = 8CD0C450215543A200967947 /* GoalItem+CoreDataClass.swift */; };
		8CD0C455215543A200967947 /* GoalItem+CoreDataProperties.swift in Sources */ = {isa = PBXBuildFile; fileRef = 8CD0C451215543A200967947 /* GoalItem+CoreDataProperties.swift */; };
		8CD0C456215543A200967947 /* TaskItem+CoreDataClass.swift in Sources */ = {isa = PBXBuildFile; fileRef = 8CD0C452215543A200967947 /* TaskItem+CoreDataClass.swift */; };
		8CD0C457215543A200967947 /* TaskItem+CoreDataProperties.swift in Sources */ = {isa = PBXBuildFile; fileRef = 8CD0C453215543A200967947 /* TaskItem+CoreDataProperties.swift */; };
		C63872FB587201F8CA276AF9 /* Pods_FinalProjectDoneUITests.framework in Frameworks */ = {isa = PBXBuildFile; fileRef = 2F36ABAEB5DDF0B62DF5CEA2 /* Pods_FinalProjectDoneUITests.framework */; };
		CFD059903859FA430BB03568 /* Pods_FinalProjectDone.framework in Frameworks */ = {isa = PBXBuildFile; fileRef = 667A0EA9483F3780F12098A4 /* Pods_FinalProjectDone.framework */; };
/* End PBXBuildFile section */

/* Begin PBXContainerItemProxy section */
		8C784F9F21B6BE4D00F08C32 /* PBXContainerItemProxy */ = {
			isa = PBXContainerItemProxy;
			containerPortal = 8CD0C40C215522A300967947 /* Project object */;
			proxyType = 1;
			remoteGlobalIDString = 8C784F9421B6BE4D00F08C32;
			remoteInfo = TodayWidget;
		};
		8CD0C42C215522A500967947 /* PBXContainerItemProxy */ = {
			isa = PBXContainerItemProxy;
			containerPortal = 8CD0C40C215522A300967947 /* Project object */;
			proxyType = 1;
			remoteGlobalIDString = 8CD0C413215522A300967947;
			remoteInfo = FinalProjectDone;
		};
		8CD0C437215522A500967947 /* PBXContainerItemProxy */ = {
			isa = PBXContainerItemProxy;
			containerPortal = 8CD0C40C215522A300967947 /* Project object */;
			proxyType = 1;
			remoteGlobalIDString = 8CD0C413215522A300967947;
			remoteInfo = FinalProjectDone;
		};
/* End PBXContainerItemProxy section */

/* Begin PBXCopyFilesBuildPhase section */
		8C784FA521B6BE4D00F08C32 /* Embed App Extensions */ = {
			isa = PBXCopyFilesBuildPhase;
			buildActionMask = 2147483647;
			dstPath = "";
			dstSubfolderSpec = 13;
			files = (
				8C784FA121B6BE4D00F08C32 /* TodayWidget.appex in Embed App Extensions */,
			);
			name = "Embed App Extensions";
			runOnlyForDeploymentPostprocessing = 0;
		};
/* End PBXCopyFilesBuildPhase section */

/* Begin PBXFileReference section */
		2F36ABAEB5DDF0B62DF5CEA2 /* Pods_FinalProjectDoneUITests.framework */ = {isa = PBXFileReference; explicitFileType = wrapper.framework; includeInIndex = 0; path = Pods_FinalProjectDoneUITests.framework; sourceTree = BUILT_PRODUCTS_DIR; };
		4F31DD78436BE3E264477CBE /* Pods_FinalProjectDoneTests.framework */ = {isa = PBXFileReference; explicitFileType = wrapper.framework; includeInIndex = 0; path = Pods_FinalProjectDoneTests.framework; sourceTree = BUILT_PRODUCTS_DIR; };
		667A0EA9483F3780F12098A4 /* Pods_FinalProjectDone.framework */ = {isa = PBXFileReference; explicitFileType = wrapper.framework; includeInIndex = 0; path = Pods_FinalProjectDone.framework; sourceTree = BUILT_PRODUCTS_DIR; };
		8BBDE69AE5459CB3B6602B85 /* Pods_TodayWidget.framework */ = {isa = PBXFileReference; explicitFileType = wrapper.framework; includeInIndex = 0; path = Pods_TodayWidget.framework; sourceTree = BUILT_PRODUCTS_DIR; };
		8C1C41C121C0152D0099AF6A /* CloudKitManager.swift */ = {isa = PBXFileReference; lastKnownFileType = sourcecode.swift; path = CloudKitManager.swift; sourceTree = "<group>"; };
		8C784F8B21B034F400F08C32 /* FinalProjectDone.entitlements */ = {isa = PBXFileReference; lastKnownFileType = text.plist.entitlements; path = FinalProjectDone.entitlements; sourceTree = "<group>"; };
		8C784F8C21B034F700F08C32 /* CloudKit.framework */ = {isa = PBXFileReference; lastKnownFileType = wrapper.framework; name = CloudKit.framework; path = System/Library/Frameworks/CloudKit.framework; sourceTree = SDKROOT; };
		8C784F9521B6BE4D00F08C32 /* TodayWidget.appex */ = {isa = PBXFileReference; explicitFileType = "wrapper.app-extension"; includeInIndex = 0; path = TodayWidget.appex; sourceTree = BUILT_PRODUCTS_DIR; };
		8C784F9621B6BE4D00F08C32 /* NotificationCenter.framework */ = {isa = PBXFileReference; lastKnownFileType = wrapper.framework; name = NotificationCenter.framework; path = System/Library/Frameworks/NotificationCenter.framework; sourceTree = SDKROOT; };
		8CAD825521BEE0F7008AE224 /* CoreDataManager.swift */ = {isa = PBXFileReference; lastKnownFileType = sourcecode.swift; path = CoreDataManager.swift; sourceTree = "<group>"; };
		8CADA28721B71A2700545F89 /* CoreDataStack.swift */ = {isa = PBXFileReference; lastKnownFileType = sourcecode.swift; path = CoreDataStack.swift; sourceTree = "<group>"; };
		8CD0C414215522A300967947 /* FinalProjectDone.app */ = {isa = PBXFileReference; explicitFileType = wrapper.application; includeInIndex = 0; path = FinalProjectDone.app; sourceTree = BUILT_PRODUCTS_DIR; };
		8CD0C417215522A300967947 /* AppDelegate.swift */ = {isa = PBXFileReference; lastKnownFileType = sourcecode.swift; path = AppDelegate.swift; sourceTree = "<group>"; };
		8CD0C419215522A300967947 /* MainGoalsViewController.swift */ = {isa = PBXFileReference; lastKnownFileType = sourcecode.swift; path = MainGoalsViewController.swift; sourceTree = "<group>"; };
		8CD0C41C215522A300967947 /* Base */ = {isa = PBXFileReference; lastKnownFileType = file.storyboard; name = Base; path = Base.lproj/Main.storyboard; sourceTree = "<group>"; };
		8CD0C41F215522A300967947 /* FinalProjectDone.xcdatamodel */ = {isa = PBXFileReference; lastKnownFileType = wrapper.xcdatamodel; path = FinalProjectDone.xcdatamodel; sourceTree = "<group>"; };
		8CD0C421215522A400967947 /* Assets.xcassets */ = {isa = PBXFileReference; lastKnownFileType = folder.assetcatalog; path = Assets.xcassets; sourceTree = "<group>"; };
		8CD0C424215522A400967947 /* Base */ = {isa = PBXFileReference; lastKnownFileType = file.storyboard; name = Base; path = Base.lproj/LaunchScreen.storyboard; sourceTree = "<group>"; };
		8CD0C426215522A400967947 /* Info.plist */ = {isa = PBXFileReference; lastKnownFileType = text.plist.xml; path = Info.plist; sourceTree = "<group>"; };
		8CD0C42B215522A500967947 /* FinalProjectDoneTests.xctest */ = {isa = PBXFileReference; explicitFileType = wrapper.cfbundle; includeInIndex = 0; path = FinalProjectDoneTests.xctest; sourceTree = BUILT_PRODUCTS_DIR; };
		8CD0C42F215522A500967947 /* FinalProjectDoneTests.swift */ = {isa = PBXFileReference; lastKnownFileType = sourcecode.swift; path = FinalProjectDoneTests.swift; sourceTree = "<group>"; };
		8CD0C431215522A500967947 /* Info.plist */ = {isa = PBXFileReference; lastKnownFileType = text.plist.xml; path = Info.plist; sourceTree = "<group>"; };
		8CD0C436215522A500967947 /* FinalProjectDoneUITests.xctest */ = {isa = PBXFileReference; explicitFileType = wrapper.cfbundle; includeInIndex = 0; path = FinalProjectDoneUITests.xctest; sourceTree = BUILT_PRODUCTS_DIR; };
		8CD0C43A215522A500967947 /* FinalProjectDoneUITests.swift */ = {isa = PBXFileReference; lastKnownFileType = sourcecode.swift; path = FinalProjectDoneUITests.swift; sourceTree = "<group>"; };
		8CD0C43C215522A500967947 /* Info.plist */ = {isa = PBXFileReference; lastKnownFileType = text.plist.xml; path = Info.plist; sourceTree = "<group>"; };
		8CD0C4482155331700967947 /* TaskViewController.swift */ = {isa = PBXFileReference; lastKnownFileType = sourcecode.swift; path = TaskViewController.swift; sourceTree = "<group>"; };
		8CD0C44A2155342A00967947 /* NewGoalViewController.swift */ = {isa = PBXFileReference; lastKnownFileType = sourcecode.swift; path = NewGoalViewController.swift; sourceTree = "<group>"; };
		8CD0C44C21553C1400967947 /* NewTaskViewController.swift */ = {isa = PBXFileReference; lastKnownFileType = sourcecode.swift; path = NewTaskViewController.swift; sourceTree = "<group>"; };
		8CD0C44E21553F5F00967947 /* IconPickerViewController.swift */ = {isa = PBXFileReference; lastKnownFileType = sourcecode.swift; path = IconPickerViewController.swift; sourceTree = "<group>"; };
		8CD0C450215543A200967947 /* GoalItem+CoreDataClass.swift */ = {isa = PBXFileReference; lastKnownFileType = sourcecode.swift; path = "GoalItem+CoreDataClass.swift"; sourceTree = "<group>"; };
		8CD0C451215543A200967947 /* GoalItem+CoreDataProperties.swift */ = {isa = PBXFileReference; lastKnownFileType = sourcecode.swift; path = "GoalItem+CoreDataProperties.swift"; sourceTree = "<group>"; };
		8CD0C452215543A200967947 /* TaskItem+CoreDataClass.swift */ = {isa = PBXFileReference; lastKnownFileType = sourcecode.swift; path = "TaskItem+CoreDataClass.swift"; sourceTree = "<group>"; };
		8CD0C453215543A200967947 /* TaskItem+CoreDataProperties.swift */ = {isa = PBXFileReference; lastKnownFileType = sourcecode.swift; path = "TaskItem+CoreDataProperties.swift"; sourceTree = "<group>"; };
/* End PBXFileReference section */

/* Begin PBXFrameworksBuildPhase section */
		8C784F9221B6BE4D00F08C32 /* Frameworks */ = {
			isa = PBXFrameworksBuildPhase;
			buildActionMask = 2147483647;
			files = (
				8C784F9721B6BE4D00F08C32 /* NotificationCenter.framework in Frameworks */,
				5D20F72A7AC6BE12E2FA3E14 /* Pods_TodayWidget.framework in Frameworks */,
			);
			runOnlyForDeploymentPostprocessing = 0;
		};
		8CD0C411215522A300967947 /* Frameworks */ = {
			isa = PBXFrameworksBuildPhase;
			buildActionMask = 2147483647;
			files = (
				CFD059903859FA430BB03568 /* Pods_FinalProjectDone.framework in Frameworks */,
				8C784F8D21B034F700F08C32 /* CloudKit.framework in Frameworks */,
			);
			runOnlyForDeploymentPostprocessing = 0;
		};
		8CD0C428215522A500967947 /* Frameworks */ = {
			isa = PBXFrameworksBuildPhase;
			buildActionMask = 2147483647;
			files = (
				09801D009AD84B881C70D8CD /* Pods_FinalProjectDoneTests.framework in Frameworks */,
			);
			runOnlyForDeploymentPostprocessing = 0;
		};
		8CD0C433215522A500967947 /* Frameworks */ = {
			isa = PBXFrameworksBuildPhase;
			buildActionMask = 2147483647;
			files = (
				C63872FB587201F8CA276AF9 /* Pods_FinalProjectDoneUITests.framework in Frameworks */,
			);
			runOnlyForDeploymentPostprocessing = 0;
		};
/* End PBXFrameworksBuildPhase section */

/* Begin PBXGroup section */
		8CADA28621B71A1D00545F89 /* CoreData + CloudKit Manager */ = {
			isa = PBXGroup;
			children = (
				8CADA28721B71A2700545F89 /* CoreDataStack.swift */,
				8CAD825521BEE0F7008AE224 /* CoreDataManager.swift */,
				8C1C41C121C0152D0099AF6A /* CloudKitManager.swift */,
			);
			path = "CoreData + CloudKit Manager";
			sourceTree = "<group>";
		};
		8CD0C40B215522A300967947 = {
			isa = PBXGroup;
			children = (
				8CADA28621B71A1D00545F89 /* CoreData + CloudKit Manager */,
				8CD0C450215543A200967947 /* GoalItem+CoreDataClass.swift */,
				8CD0C451215543A200967947 /* GoalItem+CoreDataProperties.swift */,
				8CD0C452215543A200967947 /* TaskItem+CoreDataClass.swift */,
				8CD0C453215543A200967947 /* TaskItem+CoreDataProperties.swift */,
				8CD0C416215522A300967947 /* FinalProjectDone */,
				8CD0C42E215522A500967947 /* FinalProjectDoneTests */,
				8CD0C439215522A500967947 /* FinalProjectDoneUITests */,
				8CD0C415215522A300967947 /* Products */,
				B74D08A6D6528C05E9C78467 /* Frameworks */,
			);
			sourceTree = "<group>";
		};
		8CD0C415215522A300967947 /* Products */ = {
			isa = PBXGroup;
			children = (
				8CD0C414215522A300967947 /* FinalProjectDone.app */,
				8CD0C42B215522A500967947 /* FinalProjectDoneTests.xctest */,
				8CD0C436215522A500967947 /* FinalProjectDoneUITests.xctest */,
				8C784F9521B6BE4D00F08C32 /* TodayWidget.appex */,
			);
			name = Products;
			sourceTree = "<group>";
		};
		8CD0C416215522A300967947 /* FinalProjectDone */ = {
			isa = PBXGroup;
			children = (
				8C784F8B21B034F400F08C32 /* FinalProjectDone.entitlements */,
				8CD0C41B215522A300967947 /* Main.storyboard */,
				8CD0C417215522A300967947 /* AppDelegate.swift */,
				8CD0C419215522A300967947 /* MainGoalsViewController.swift */,
				8CD0C44A2155342A00967947 /* NewGoalViewController.swift */,
				8CD0C4482155331700967947 /* TaskViewController.swift */,
				8CD0C44C21553C1400967947 /* NewTaskViewController.swift */,
				8CD0C44E21553F5F00967947 /* IconPickerViewController.swift */,
				8CD0C421215522A400967947 /* Assets.xcassets */,
				8CD0C423215522A400967947 /* LaunchScreen.storyboard */,
				8CD0C426215522A400967947 /* Info.plist */,
				8CD0C41E215522A300967947 /* FinalProjectDone.xcdatamodeld */,
			);
			path = FinalProjectDone;
			sourceTree = "<group>";
		};
		8CD0C42E215522A500967947 /* FinalProjectDoneTests */ = {
			isa = PBXGroup;
			children = (
				8CD0C42F215522A500967947 /* FinalProjectDoneTests.swift */,
				8CD0C431215522A500967947 /* Info.plist */,
			);
			path = FinalProjectDoneTests;
			sourceTree = "<group>";
		};
		8CD0C439215522A500967947 /* FinalProjectDoneUITests */ = {
			isa = PBXGroup;
			children = (
				8CD0C43A215522A500967947 /* FinalProjectDoneUITests.swift */,
				8CD0C43C215522A500967947 /* Info.plist */,
			);
			path = FinalProjectDoneUITests;
			sourceTree = "<group>";
		};
		B74D08A6D6528C05E9C78467 /* Frameworks */ = {
			isa = PBXGroup;
			children = (
				8C784F8C21B034F700F08C32 /* CloudKit.framework */,
				667A0EA9483F3780F12098A4 /* Pods_FinalProjectDone.framework */,
				4F31DD78436BE3E264477CBE /* Pods_FinalProjectDoneTests.framework */,
				2F36ABAEB5DDF0B62DF5CEA2 /* Pods_FinalProjectDoneUITests.framework */,
				8C784F9621B6BE4D00F08C32 /* NotificationCenter.framework */,
				8BBDE69AE5459CB3B6602B85 /* Pods_TodayWidget.framework */,
			);
			name = Frameworks;
			sourceTree = "<group>";
		};
/* End PBXGroup section */

/* Begin PBXNativeTarget section */
		8C784F9421B6BE4D00F08C32 /* TodayWidget */ = {
			isa = PBXNativeTarget;
			buildConfigurationList = 8C784FA421B6BE4D00F08C32 /* Build configuration list for PBXNativeTarget "TodayWidget" */;
			buildPhases = (
				4B04A5762F8A5AED8190E10A /* [CP] Check Pods Manifest.lock */,
				8C784F9121B6BE4D00F08C32 /* Sources */,
				8C784F9221B6BE4D00F08C32 /* Frameworks */,
				8C784F9321B6BE4D00F08C32 /* Resources */,
			);
			buildRules = (
			);
			dependencies = (
			);
			name = TodayWidget;
			productName = TodayWidget;
			productReference = 8C784F9521B6BE4D00F08C32 /* TodayWidget.appex */;
			productType = "com.apple.product-type.app-extension";
		};
		8CD0C413215522A300967947 /* FinalProjectDone */ = {
			isa = PBXNativeTarget;
			buildConfigurationList = 8CD0C43F215522A500967947 /* Build configuration list for PBXNativeTarget "FinalProjectDone" */;
			buildPhases = (
				9622C644611B0E58556BD86B /* [CP] Check Pods Manifest.lock */,
				8CD0C410215522A300967947 /* Sources */,
				8CD0C411215522A300967947 /* Frameworks */,
				8CD0C412215522A300967947 /* Resources */,
				C1174EBF87D2B83C197D49B5 /* [CP] Embed Pods Frameworks */,
				8C784FA521B6BE4D00F08C32 /* Embed App Extensions */,
			);
			buildRules = (
			);
			dependencies = (
				8C784FA021B6BE4D00F08C32 /* PBXTargetDependency */,
			);
			name = FinalProjectDone;
			productName = FinalProjectDone;
			productReference = 8CD0C414215522A300967947 /* FinalProjectDone.app */;
			productType = "com.apple.product-type.application";
		};
		8CD0C42A215522A500967947 /* FinalProjectDoneTests */ = {
			isa = PBXNativeTarget;
			buildConfigurationList = 8CD0C442215522A500967947 /* Build configuration list for PBXNativeTarget "FinalProjectDoneTests" */;
			buildPhases = (
				4632C6A3AA457149462D504E /* [CP] Check Pods Manifest.lock */,
				8CD0C427215522A500967947 /* Sources */,
				8CD0C428215522A500967947 /* Frameworks */,
				8CD0C429215522A500967947 /* Resources */,
			);
			buildRules = (
			);
			dependencies = (
				8CD0C42D215522A500967947 /* PBXTargetDependency */,
			);
			name = FinalProjectDoneTests;
			productName = FinalProjectDoneTests;
			productReference = 8CD0C42B215522A500967947 /* FinalProjectDoneTests.xctest */;
			productType = "com.apple.product-type.bundle.unit-test";
		};
		8CD0C435215522A500967947 /* FinalProjectDoneUITests */ = {
			isa = PBXNativeTarget;
			buildConfigurationList = 8CD0C445215522A500967947 /* Build configuration list for PBXNativeTarget "FinalProjectDoneUITests" */;
			buildPhases = (
				59FACC4D758773E672C7B487 /* [CP] Check Pods Manifest.lock */,
				8CD0C432215522A500967947 /* Sources */,
				8CD0C433215522A500967947 /* Frameworks */,
				8CD0C434215522A500967947 /* Resources */,
			);
			buildRules = (
			);
			dependencies = (
				8CD0C438215522A500967947 /* PBXTargetDependency */,
			);
			name = FinalProjectDoneUITests;
			productName = FinalProjectDoneUITests;
			productReference = 8CD0C436215522A500967947 /* FinalProjectDoneUITests.xctest */;
			productType = "com.apple.product-type.bundle.ui-testing";
		};
/* End PBXNativeTarget section */

/* Begin PBXProject section */
		8CD0C40C215522A300967947 /* Project object */ = {
			isa = PBXProject;
			attributes = {
				LastSwiftUpdateCheck = 1010;
				LastUpgradeCheck = 0940;
				ORGANIZATIONNAME = "Jackie Norstrom";
				TargetAttributes = {
					8C784F9421B6BE4D00F08C32 = {
						CreatedOnToolsVersion = 10.1;
						SystemCapabilities = {
							com.apple.ApplicationGroups.iOS = {
								enabled = 1;
							};
						};
					};
					8CD0C413215522A300967947 = {
						CreatedOnToolsVersion = 9.4.1;
						LastSwiftMigration = 1000;
						SystemCapabilities = {
							com.apple.ApplicationGroups.iOS = {
								enabled = 1;
							};
							com.apple.Push = {
								enabled = 1;
							};
							com.apple.iCloud = {
								enabled = 1;
							};
						};
					};
					8CD0C42A215522A500967947 = {
						CreatedOnToolsVersion = 9.4.1;
						LastSwiftMigration = 1000;
						TestTargetID = 8CD0C413215522A300967947;
					};
					8CD0C435215522A500967947 = {
						CreatedOnToolsVersion = 9.4.1;
						LastSwiftMigration = 1000;
						TestTargetID = 8CD0C413215522A300967947;
					};
				};
			};
			buildConfigurationList = 8CD0C40F215522A300967947 /* Build configuration list for PBXProject "FinalProjectDone" */;
			compatibilityVersion = "Xcode 9.3";
			developmentRegion = en;
			hasScannedForEncodings = 0;
			knownRegions = (
				en,
				Base,
			);
			mainGroup = 8CD0C40B215522A300967947;
			productRefGroup = 8CD0C415215522A300967947 /* Products */;
			projectDirPath = "";
			projectRoot = "";
			targets = (
				8CD0C413215522A300967947 /* FinalProjectDone */,
				8CD0C42A215522A500967947 /* FinalProjectDoneTests */,
				8CD0C435215522A500967947 /* FinalProjectDoneUITests */,
				8C784F9421B6BE4D00F08C32 /* TodayWidget */,
			);
		};
/* End PBXProject section */

/* Begin PBXResourcesBuildPhase section */
		8C784F9321B6BE4D00F08C32 /* Resources */ = {
			isa = PBXResourcesBuildPhase;
			buildActionMask = 2147483647;
			files = (
			);
			runOnlyForDeploymentPostprocessing = 0;
		};
		8CD0C412215522A300967947 /* Resources */ = {
			isa = PBXResourcesBuildPhase;
			buildActionMask = 2147483647;
			files = (
				8CD0C425215522A400967947 /* LaunchScreen.storyboard in Resources */,
				8CD0C422215522A400967947 /* Assets.xcassets in Resources */,
				8CD0C41D215522A300967947 /* Main.storyboard in Resources */,
			);
			runOnlyForDeploymentPostprocessing = 0;
		};
		8CD0C429215522A500967947 /* Resources */ = {
			isa = PBXResourcesBuildPhase;
			buildActionMask = 2147483647;
			files = (
			);
			runOnlyForDeploymentPostprocessing = 0;
		};
		8CD0C434215522A500967947 /* Resources */ = {
			isa = PBXResourcesBuildPhase;
			buildActionMask = 2147483647;
			files = (
			);
			runOnlyForDeploymentPostprocessing = 0;
		};
/* End PBXResourcesBuildPhase section */

/* Begin PBXShellScriptBuildPhase section */
		4632C6A3AA457149462D504E /* [CP] Check Pods Manifest.lock */ = {
			isa = PBXShellScriptBuildPhase;
			buildActionMask = 2147483647;
			files = (
			);
			inputPaths = (
				"${PODS_PODFILE_DIR_PATH}/Podfile.lock",
				"${PODS_ROOT}/Manifest.lock",
			);
			name = "[CP] Check Pods Manifest.lock";
			outputPaths = (
				"$(DERIVED_FILE_DIR)/Pods-FinalProjectDoneTests-checkManifestLockResult.txt",
			);
			runOnlyForDeploymentPostprocessing = 0;
			shellPath = /bin/sh;
			shellScript = "diff \"${PODS_PODFILE_DIR_PATH}/Podfile.lock\" \"${PODS_ROOT}/Manifest.lock\" > /dev/null\nif [ $? != 0 ] ; then\n    # print error to STDERR\n    echo \"error: The sandbox is not in sync with the Podfile.lock. Run 'pod install' or update your CocoaPods installation.\" >&2\n    exit 1\nfi\n# This output is used by Xcode 'outputs' to avoid re-running this script phase.\necho \"SUCCESS\" > \"${SCRIPT_OUTPUT_FILE_0}\"\n";
			showEnvVarsInLog = 0;
		};
		4B04A5762F8A5AED8190E10A /* [CP] Check Pods Manifest.lock */ = {
			isa = PBXShellScriptBuildPhase;
			buildActionMask = 2147483647;
			files = (
			);
			inputPaths = (
				"${PODS_PODFILE_DIR_PATH}/Podfile.lock",
				"${PODS_ROOT}/Manifest.lock",
			);
			name = "[CP] Check Pods Manifest.lock";
			outputPaths = (
				"$(DERIVED_FILE_DIR)/Pods-TodayWidget-checkManifestLockResult.txt",
			);
			runOnlyForDeploymentPostprocessing = 0;
			shellPath = /bin/sh;
			shellScript = "diff \"${PODS_PODFILE_DIR_PATH}/Podfile.lock\" \"${PODS_ROOT}/Manifest.lock\" > /dev/null\nif [ $? != 0 ] ; then\n    # print error to STDERR\n    echo \"error: The sandbox is not in sync with the Podfile.lock. Run 'pod install' or update your CocoaPods installation.\" >&2\n    exit 1\nfi\n# This output is used by Xcode 'outputs' to avoid re-running this script phase.\necho \"SUCCESS\" > \"${SCRIPT_OUTPUT_FILE_0}\"\n";
			showEnvVarsInLog = 0;
		};
		59FACC4D758773E672C7B487 /* [CP] Check Pods Manifest.lock */ = {
			isa = PBXShellScriptBuildPhase;
			buildActionMask = 2147483647;
			files = (
			);
			inputPaths = (
				"${PODS_PODFILE_DIR_PATH}/Podfile.lock",
				"${PODS_ROOT}/Manifest.lock",
			);
			name = "[CP] Check Pods Manifest.lock";
			outputPaths = (
				"$(DERIVED_FILE_DIR)/Pods-FinalProjectDoneUITests-checkManifestLockResult.txt",
			);
			runOnlyForDeploymentPostprocessing = 0;
			shellPath = /bin/sh;
			shellScript = "diff \"${PODS_PODFILE_DIR_PATH}/Podfile.lock\" \"${PODS_ROOT}/Manifest.lock\" > /dev/null\nif [ $? != 0 ] ; then\n    # print error to STDERR\n    echo \"error: The sandbox is not in sync with the Podfile.lock. Run 'pod install' or update your CocoaPods installation.\" >&2\n    exit 1\nfi\n# This output is used by Xcode 'outputs' to avoid re-running this script phase.\necho \"SUCCESS\" > \"${SCRIPT_OUTPUT_FILE_0}\"\n";
			showEnvVarsInLog = 0;
		};
		9622C644611B0E58556BD86B /* [CP] Check Pods Manifest.lock */ = {
			isa = PBXShellScriptBuildPhase;
			buildActionMask = 2147483647;
			files = (
			);
			inputPaths = (
				"${PODS_PODFILE_DIR_PATH}/Podfile.lock",
				"${PODS_ROOT}/Manifest.lock",
			);
			name = "[CP] Check Pods Manifest.lock";
			outputPaths = (
				"$(DERIVED_FILE_DIR)/Pods-FinalProjectDone-checkManifestLockResult.txt",
			);
			runOnlyForDeploymentPostprocessing = 0;
			shellPath = /bin/sh;
			shellScript = "diff \"${PODS_PODFILE_DIR_PATH}/Podfile.lock\" \"${PODS_ROOT}/Manifest.lock\" > /dev/null\nif [ $? != 0 ] ; then\n    # print error to STDERR\n    echo \"error: The sandbox is not in sync with the Podfile.lock. Run 'pod install' or update your CocoaPods installation.\" >&2\n    exit 1\nfi\n# This output is used by Xcode 'outputs' to avoid re-running this script phase.\necho \"SUCCESS\" > \"${SCRIPT_OUTPUT_FILE_0}\"\n";
			showEnvVarsInLog = 0;
		};
		C1174EBF87D2B83C197D49B5 /* [CP] Embed Pods Frameworks */ = {
			isa = PBXShellScriptBuildPhase;
			buildActionMask = 2147483647;
			files = (
			);
			inputPaths = (
				"${SRCROOT}/Pods/Target Support Files/Pods-FinalProjectDone/Pods-FinalProjectDone-frameworks.sh",
				"${BUILT_PRODUCTS_DIR}/Seam3/Seam3.framework",
				"${BUILT_PRODUCTS_DIR}/TableViewDragger/TableViewDragger.framework",
			);
			name = "[CP] Embed Pods Frameworks";
			outputPaths = (
				"${TARGET_BUILD_DIR}/${FRAMEWORKS_FOLDER_PATH}/Seam3.framework",
				"${TARGET_BUILD_DIR}/${FRAMEWORKS_FOLDER_PATH}/TableViewDragger.framework",
			);
			runOnlyForDeploymentPostprocessing = 0;
			shellPath = /bin/sh;
			shellScript = "\"${SRCROOT}/Pods/Target Support Files/Pods-FinalProjectDone/Pods-FinalProjectDone-frameworks.sh\"\n";
			showEnvVarsInLog = 0;
		};
/* End PBXShellScriptBuildPhase section */

/* Begin PBXSourcesBuildPhase section */
		8C784F9121B6BE4D00F08C32 /* Sources */ = {
			isa = PBXSourcesBuildPhase;
			buildActionMask = 2147483647;
			files = (
				8CADA27B21B6CF3300545F89 /* FinalProjectDone.xcdatamodeld in Sources */,
				8CADA27E21B6CFB600545F89 /* TaskItem+CoreDataProperties.swift in Sources */,
				8CADA28821B71A2700545F89 /* CoreDataStack.swift in Sources */,
				8CADA27D21B6CFB300545F89 /* TaskItem+CoreDataClass.swift in Sources */,
				8CADA28021B6D36C00545F89 /* GoalItem+CoreDataClass.swift in Sources */,
				8CADA27C21B6CFB000545F89 /* GoalItem+CoreDataProperties.swift in Sources */,
			);
			runOnlyForDeploymentPostprocessing = 0;
		};
		8CD0C410215522A300967947 /* Sources */ = {
			isa = PBXSourcesBuildPhase;
			buildActionMask = 2147483647;
			files = (
				8CD0C41A215522A300967947 /* MainGoalsViewController.swift in Sources */,
				8CD0C4492155331700967947 /* TaskViewController.swift in Sources */,
				8CD0C457215543A200967947 /* TaskItem+CoreDataProperties.swift in Sources */,
				8CD0C455215543A200967947 /* GoalItem+CoreDataProperties.swift in Sources */,
				8CD0C420215522A300967947 /* FinalProjectDone.xcdatamodeld in Sources */,
				8CD0C418215522A300967947 /* AppDelegate.swift in Sources */,
				8CD0C44F21553F5F00967947 /* IconPickerViewController.swift in Sources */,
				8CAD825621BEE0F7008AE224 /* CoreDataManager.swift in Sources */,
				8CD0C454215543A200967947 /* GoalItem+CoreDataClass.swift in Sources */,
				8CD0C44D21553C1400967947 /* NewTaskViewController.swift in Sources */,
				8CD0C44B2155342A00967947 /* NewGoalViewController.swift in Sources */,
				8CD0C456215543A200967947 /* TaskItem+CoreDataClass.swift in Sources */,
				8C1C41C221C0152D0099AF6A /* CloudKitManager.swift in Sources */,
			);
			runOnlyForDeploymentPostprocessing = 0;
		};
		8CD0C427215522A500967947 /* Sources */ = {
			isa = PBXSourcesBuildPhase;
			buildActionMask = 2147483647;
			files = (
				8CD0C430215522A500967947 /* FinalProjectDoneTests.swift in Sources */,
			);
			runOnlyForDeploymentPostprocessing = 0;
		};
		8CD0C432215522A500967947 /* Sources */ = {
			isa = PBXSourcesBuildPhase;
			buildActionMask = 2147483647;
			files = (
				8CD0C43B215522A500967947 /* FinalProjectDoneUITests.swift in Sources */,
			);
			runOnlyForDeploymentPostprocessing = 0;
		};
/* End PBXSourcesBuildPhase section */

/* Begin PBXTargetDependency section */
		8C784FA021B6BE4D00F08C32 /* PBXTargetDependency */ = {
			isa = PBXTargetDependency;
			target = 8C784F9421B6BE4D00F08C32 /* TodayWidget */;
			targetProxy = 8C784F9F21B6BE4D00F08C32 /* PBXContainerItemProxy */;
		};
		8CD0C42D215522A500967947 /* PBXTargetDependency */ = {
			isa = PBXTargetDependency;
			target = 8CD0C413215522A300967947 /* FinalProjectDone */;
			targetProxy = 8CD0C42C215522A500967947 /* PBXContainerItemProxy */;
		};
		8CD0C438215522A500967947 /* PBXTargetDependency */ = {
			isa = PBXTargetDependency;
			target = 8CD0C413215522A300967947 /* FinalProjectDone */;
			targetProxy = 8CD0C437215522A500967947 /* PBXContainerItemProxy */;
		};
/* End PBXTargetDependency section */

/* Begin PBXVariantGroup section */
		8CD0C41B215522A300967947 /* Main.storyboard */ = {
			isa = PBXVariantGroup;
			children = (
				8CD0C41C215522A300967947 /* Base */,
			);
			name = Main.storyboard;
			sourceTree = "<group>";
		};
		8CD0C423215522A400967947 /* LaunchScreen.storyboard */ = {
			isa = PBXVariantGroup;
			children = (
				8CD0C424215522A400967947 /* Base */,
			);
			name = LaunchScreen.storyboard;
			sourceTree = "<group>";
		};
/* End PBXVariantGroup section */

/* Begin XCBuildConfiguration section */
		8C784FA221B6BE4D00F08C32 /* Debug */ = {
			isa = XCBuildConfiguration;
			buildSettings = {
				CODE_SIGN_ENTITLEMENTS = TodayWidget/TodayWidget.entitlements;
				CODE_SIGN_STYLE = Automatic;
				DEVELOPMENT_TEAM = LLP3H85GZ9;
				INFOPLIST_FILE = TodayWidget/Info.plist;
				IPHONEOS_DEPLOYMENT_TARGET = 12.1;
				LD_RUNPATH_SEARCH_PATHS = (
					"$(inherited)",
					"@executable_path/Frameworks",
					"@executable_path/../../Frameworks",
				);
				MTL_ENABLE_DEBUG_INFO = INCLUDE_SOURCE;
				MTL_FAST_MATH = YES;
				PRODUCT_BUNDLE_IDENTIFIER = Jackie.FinalProjectDone.TodayWidget;
				PRODUCT_NAME = "$(TARGET_NAME)";
				SKIP_INSTALL = YES;
				SWIFT_VERSION = 4.2;
				TARGETED_DEVICE_FAMILY = "1,2";
			};
			name = Debug;
		};
		8C784FA321B6BE4D00F08C32 /* Release */ = {
			isa = XCBuildConfiguration;
			buildSettings = {
				CODE_SIGN_ENTITLEMENTS = TodayWidget/TodayWidget.entitlements;
				CODE_SIGN_STYLE = Automatic;
				DEVELOPMENT_TEAM = LLP3H85GZ9;
				INFOPLIST_FILE = TodayWidget/Info.plist;
				IPHONEOS_DEPLOYMENT_TARGET = 12.1;
				LD_RUNPATH_SEARCH_PATHS = (
					"$(inherited)",
					"@executable_path/Frameworks",
					"@executable_path/../../Frameworks",
				);
				MTL_FAST_MATH = YES;
				PRODUCT_BUNDLE_IDENTIFIER = Jackie.FinalProjectDone.TodayWidget;
				PRODUCT_NAME = "$(TARGET_NAME)";
				SKIP_INSTALL = YES;
				SWIFT_VERSION = 4.2;
				TARGETED_DEVICE_FAMILY = "1,2";
			};
			name = Release;
		};
		8CD0C43D215522A500967947 /* Debug */ = {
			isa = XCBuildConfiguration;
			buildSettings = {
				ALWAYS_SEARCH_USER_PATHS = NO;
				CLANG_ANALYZER_NONNULL = YES;
				CLANG_ANALYZER_NUMBER_OBJECT_CONVERSION = YES_AGGRESSIVE;
				CLANG_CXX_LANGUAGE_STANDARD = "gnu++14";
				CLANG_CXX_LIBRARY = "libc++";
				CLANG_ENABLE_MODULES = YES;
				CLANG_ENABLE_OBJC_ARC = YES;
				CLANG_ENABLE_OBJC_WEAK = YES;
				CLANG_WARN_BLOCK_CAPTURE_AUTORELEASING = YES;
				CLANG_WARN_BOOL_CONVERSION = YES;
				CLANG_WARN_COMMA = YES;
				CLANG_WARN_CONSTANT_CONVERSION = YES;
				CLANG_WARN_DEPRECATED_OBJC_IMPLEMENTATIONS = YES;
				CLANG_WARN_DIRECT_OBJC_ISA_USAGE = YES_ERROR;
				CLANG_WARN_DOCUMENTATION_COMMENTS = YES;
				CLANG_WARN_EMPTY_BODY = YES;
				CLANG_WARN_ENUM_CONVERSION = YES;
				CLANG_WARN_INFINITE_RECURSION = YES;
				CLANG_WARN_INT_CONVERSION = YES;
				CLANG_WARN_NON_LITERAL_NULL_CONVERSION = YES;
				CLANG_WARN_OBJC_IMPLICIT_RETAIN_SELF = YES;
				CLANG_WARN_OBJC_LITERAL_CONVERSION = YES;
				CLANG_WARN_OBJC_ROOT_CLASS = YES_ERROR;
				CLANG_WARN_RANGE_LOOP_ANALYSIS = YES;
				CLANG_WARN_STRICT_PROTOTYPES = YES;
				CLANG_WARN_SUSPICIOUS_MOVE = YES;
				CLANG_WARN_UNGUARDED_AVAILABILITY = YES_AGGRESSIVE;
				CLANG_WARN_UNREACHABLE_CODE = YES;
				CLANG_WARN__DUPLICATE_METHOD_MATCH = YES;
				CODE_SIGN_IDENTITY = "iPhone Developer";
				COPY_PHASE_STRIP = NO;
				DEBUG_INFORMATION_FORMAT = dwarf;
				ENABLE_STRICT_OBJC_MSGSEND = YES;
				ENABLE_TESTABILITY = YES;
				GCC_C_LANGUAGE_STANDARD = gnu11;
				GCC_DYNAMIC_NO_PIC = NO;
				GCC_NO_COMMON_BLOCKS = YES;
				GCC_OPTIMIZATION_LEVEL = 0;
				GCC_PREPROCESSOR_DEFINITIONS = (
					"DEBUG=1",
					"$(inherited)",
				);
				GCC_WARN_64_TO_32_BIT_CONVERSION = YES;
				GCC_WARN_ABOUT_RETURN_TYPE = YES_ERROR;
				GCC_WARN_UNDECLARED_SELECTOR = YES;
				GCC_WARN_UNINITIALIZED_AUTOS = YES_AGGRESSIVE;
				GCC_WARN_UNUSED_FUNCTION = YES;
				GCC_WARN_UNUSED_VARIABLE = YES;
				IPHONEOS_DEPLOYMENT_TARGET = 11.4;
				MTL_ENABLE_DEBUG_INFO = YES;
				ONLY_ACTIVE_ARCH = YES;
				SDKROOT = iphoneos;
				SWIFT_ACTIVE_COMPILATION_CONDITIONS = DEBUG;
				SWIFT_OPTIMIZATION_LEVEL = "-Onone";
			};
			name = Debug;
		};
		8CD0C43E215522A500967947 /* Release */ = {
			isa = XCBuildConfiguration;
			buildSettings = {
				ALWAYS_SEARCH_USER_PATHS = NO;
				CLANG_ANALYZER_NONNULL = YES;
				CLANG_ANALYZER_NUMBER_OBJECT_CONVERSION = YES_AGGRESSIVE;
				CLANG_CXX_LANGUAGE_STANDARD = "gnu++14";
				CLANG_CXX_LIBRARY = "libc++";
				CLANG_ENABLE_MODULES = YES;
				CLANG_ENABLE_OBJC_ARC = YES;
				CLANG_ENABLE_OBJC_WEAK = YES;
				CLANG_WARN_BLOCK_CAPTURE_AUTORELEASING = YES;
				CLANG_WARN_BOOL_CONVERSION = YES;
				CLANG_WARN_COMMA = YES;
				CLANG_WARN_CONSTANT_CONVERSION = YES;
				CLANG_WARN_DEPRECATED_OBJC_IMPLEMENTATIONS = YES;
				CLANG_WARN_DIRECT_OBJC_ISA_USAGE = YES_ERROR;
				CLANG_WARN_DOCUMENTATION_COMMENTS = YES;
				CLANG_WARN_EMPTY_BODY = YES;
				CLANG_WARN_ENUM_CONVERSION = YES;
				CLANG_WARN_INFINITE_RECURSION = YES;
				CLANG_WARN_INT_CONVERSION = YES;
				CLANG_WARN_NON_LITERAL_NULL_CONVERSION = YES;
				CLANG_WARN_OBJC_IMPLICIT_RETAIN_SELF = YES;
				CLANG_WARN_OBJC_LITERAL_CONVERSION = YES;
				CLANG_WARN_OBJC_ROOT_CLASS = YES_ERROR;
				CLANG_WARN_RANGE_LOOP_ANALYSIS = YES;
				CLANG_WARN_STRICT_PROTOTYPES = YES;
				CLANG_WARN_SUSPICIOUS_MOVE = YES;
				CLANG_WARN_UNGUARDED_AVAILABILITY = YES_AGGRESSIVE;
				CLANG_WARN_UNREACHABLE_CODE = YES;
				CLANG_WARN__DUPLICATE_METHOD_MATCH = YES;
				CODE_SIGN_IDENTITY = "iPhone Developer";
				COPY_PHASE_STRIP = NO;
				DEBUG_INFORMATION_FORMAT = "dwarf-with-dsym";
				ENABLE_NS_ASSERTIONS = NO;
				ENABLE_STRICT_OBJC_MSGSEND = YES;
				GCC_C_LANGUAGE_STANDARD = gnu11;
				GCC_NO_COMMON_BLOCKS = YES;
				GCC_WARN_64_TO_32_BIT_CONVERSION = YES;
				GCC_WARN_ABOUT_RETURN_TYPE = YES_ERROR;
				GCC_WARN_UNDECLARED_SELECTOR = YES;
				GCC_WARN_UNINITIALIZED_AUTOS = YES_AGGRESSIVE;
				GCC_WARN_UNUSED_FUNCTION = YES;
				GCC_WARN_UNUSED_VARIABLE = YES;
				IPHONEOS_DEPLOYMENT_TARGET = 11.4;
				MTL_ENABLE_DEBUG_INFO = NO;
				SDKROOT = iphoneos;
				SWIFT_COMPILATION_MODE = wholemodule;
				SWIFT_OPTIMIZATION_LEVEL = "-O";
				VALIDATE_PRODUCT = YES;
			};
			name = Release;
		};
		8CD0C440215522A500967947 /* Debug */ = {
			isa = XCBuildConfiguration;
			buildSettings = {
				ALWAYS_EMBED_SWIFT_STANDARD_LIBRARIES = YES;
				ASSETCATALOG_COMPILER_APPICON_NAME = AppIcon;
				CODE_SIGN_ENTITLEMENTS = FinalProjectDone/FinalProjectDone.entitlements;
				CODE_SIGN_STYLE = Automatic;
				DEVELOPMENT_TEAM = LLP3H85GZ9;
				INFOPLIST_FILE = FinalProjectDone/Info.plist;
				LD_RUNPATH_SEARCH_PATHS = (
					"$(inherited)",
					"@executable_path/Frameworks",
				);
				PRODUCT_BUNDLE_IDENTIFIER = Jackie.FinalProjectDone;
				PRODUCT_NAME = "$(TARGET_NAME)";
				SWIFT_VERSION = 4.2;
				TARGETED_DEVICE_FAMILY = "1,2";
			};
			name = Debug;
		};
		8CD0C441215522A500967947 /* Release */ = {
			isa = XCBuildConfiguration;
			buildSettings = {
				ALWAYS_EMBED_SWIFT_STANDARD_LIBRARIES = YES;
				ASSETCATALOG_COMPILER_APPICON_NAME = AppIcon;
				CODE_SIGN_ENTITLEMENTS = FinalProjectDone/FinalProjectDone.entitlements;
				CODE_SIGN_STYLE = Automatic;
				DEVELOPMENT_TEAM = LLP3H85GZ9;
				INFOPLIST_FILE = FinalProjectDone/Info.plist;
				LD_RUNPATH_SEARCH_PATHS = (
					"$(inherited)",
					"@executable_path/Frameworks",
				);
				PRODUCT_BUNDLE_IDENTIFIER = Jackie.FinalProjectDone;
				PRODUCT_NAME = "$(TARGET_NAME)";
				SWIFT_VERSION = 4.2;
				TARGETED_DEVICE_FAMILY = "1,2";
			};
			name = Release;
		};
		8CD0C443215522A500967947 /* Debug */ = {
			isa = XCBuildConfiguration;
			buildSettings = {
				ALWAYS_EMBED_SWIFT_STANDARD_LIBRARIES = YES;
				BUNDLE_LOADER = "$(TEST_HOST)";
				CODE_SIGN_STYLE = Automatic;
				DEVELOPMENT_TEAM = LLP3H85GZ9;
				INFOPLIST_FILE = FinalProjectDoneTests/Info.plist;
				LD_RUNPATH_SEARCH_PATHS = (
					"$(inherited)",
					"@executable_path/Frameworks",
					"@loader_path/Frameworks",
				);
				PRODUCT_BUNDLE_IDENTIFIER = Jackie.FinalProjectDoneTests;
				PRODUCT_NAME = "$(TARGET_NAME)";
				SWIFT_VERSION = 4.2;
				TARGETED_DEVICE_FAMILY = "1,2";
				TEST_HOST = "$(BUILT_PRODUCTS_DIR)/FinalProjectDone.app/FinalProjectDone";
			};
			name = Debug;
		};
		8CD0C444215522A500967947 /* Release */ = {
			isa = XCBuildConfiguration;
			buildSettings = {
				ALWAYS_EMBED_SWIFT_STANDARD_LIBRARIES = YES;
				BUNDLE_LOADER = "$(TEST_HOST)";
				CODE_SIGN_STYLE = Automatic;
				DEVELOPMENT_TEAM = LLP3H85GZ9;
				INFOPLIST_FILE = FinalProjectDoneTests/Info.plist;
				LD_RUNPATH_SEARCH_PATHS = (
					"$(inherited)",
					"@executable_path/Frameworks",
					"@loader_path/Frameworks",
				);
				PRODUCT_BUNDLE_IDENTIFIER = Jackie.FinalProjectDoneTests;
				PRODUCT_NAME = "$(TARGET_NAME)";
				SWIFT_VERSION = 4.2;
				TARGETED_DEVICE_FAMILY = "1,2";
				TEST_HOST = "$(BUILT_PRODUCTS_DIR)/FinalProjectDone.app/FinalProjectDone";
			};
			name = Release;
		};
		8CD0C446215522A500967947 /* Debug */ = {
			isa = XCBuildConfiguration;
			buildSettings = {
				ALWAYS_EMBED_SWIFT_STANDARD_LIBRARIES = YES;
				CODE_SIGN_STYLE = Automatic;
				DEVELOPMENT_TEAM = LLP3H85GZ9;
				INFOPLIST_FILE = FinalProjectDoneUITests/Info.plist;
				LD_RUNPATH_SEARCH_PATHS = (
					"$(inherited)",
					"@executable_path/Frameworks",
					"@loader_path/Frameworks",
				);
				PRODUCT_BUNDLE_IDENTIFIER = Jackie.FinalProjectDoneUITests;
				PRODUCT_NAME = "$(TARGET_NAME)";
				SWIFT_VERSION = 4.2;
				TARGETED_DEVICE_FAMILY = "1,2";
				TEST_TARGET_NAME = FinalProjectDone;
			};
			name = Debug;
		};
		8CD0C447215522A500967947 /* Release */ = {
			isa = XCBuildConfiguration;
			buildSettings = {
				ALWAYS_EMBED_SWIFT_STANDARD_LIBRARIES = YES;
				CODE_SIGN_STYLE = Automatic;
				DEVELOPMENT_TEAM = LLP3H85GZ9;
				INFOPLIST_FILE = FinalProjectDoneUITests/Info.plist;
				LD_RUNPATH_SEARCH_PATHS = (
					"$(inherited)",
					"@executable_path/Frameworks",
					"@loader_path/Frameworks",
				);
				PRODUCT_BUNDLE_IDENTIFIER = Jackie.FinalProjectDoneUITests;
				PRODUCT_NAME = "$(TARGET_NAME)";
				SWIFT_VERSION = 4.2;
				TARGETED_DEVICE_FAMILY = "1,2";
				TEST_TARGET_NAME = FinalProjectDone;
			};
			name = Release;
		};
/* End XCBuildConfiguration section */

/* Begin XCConfigurationList section */
		8C784FA421B6BE4D00F08C32 /* Build configuration list for PBXNativeTarget "TodayWidget" */ = {
			isa = XCConfigurationList;
			buildConfigurations = (
				8C784FA221B6BE4D00F08C32 /* Debug */,
				8C784FA321B6BE4D00F08C32 /* Release */,
			);
			defaultConfigurationIsVisible = 0;
			defaultConfigurationName = Release;
		};
		8CD0C40F215522A300967947 /* Build configuration list for PBXProject "FinalProjectDone" */ = {
			isa = XCConfigurationList;
			buildConfigurations = (
				8CD0C43D215522A500967947 /* Debug */,
				8CD0C43E215522A500967947 /* Release */,
			);
			defaultConfigurationIsVisible = 0;
			defaultConfigurationName = Release;
		};
		8CD0C43F215522A500967947 /* Build configuration list for PBXNativeTarget "FinalProjectDone" */ = {
			isa = XCConfigurationList;
			buildConfigurations = (
				8CD0C440215522A500967947 /* Debug */,
				8CD0C441215522A500967947 /* Release */,
			);
			defaultConfigurationIsVisible = 0;
			defaultConfigurationName = Release;
		};
		8CD0C442215522A500967947 /* Build configuration list for PBXNativeTarget "FinalProjectDoneTests" */ = {
			isa = XCConfigurationList;
			buildConfigurations = (
				8CD0C443215522A500967947 /* Debug */,
				8CD0C444215522A500967947 /* Release */,
			);
			defaultConfigurationIsVisible = 0;
			defaultConfigurationName = Release;
		};
		8CD0C445215522A500967947 /* Build configuration list for PBXNativeTarget "FinalProjectDoneUITests" */ = {
			isa = XCConfigurationList;
			buildConfigurations = (
				8CD0C446215522A500967947 /* Debug */,
				8CD0C447215522A500967947 /* Release */,
			);
			defaultConfigurationIsVisible = 0;
			defaultConfigurationName = Release;
		};
/* End XCConfigurationList section */

/* Begin XCVersionGroup section */
		8CD0C41E215522A300967947 /* FinalProjectDone.xcdatamodeld */ = {
			isa = XCVersionGroup;
			children = (
				8CD0C41F215522A300967947 /* FinalProjectDone.xcdatamodel */,
			);
			currentVersion = 8CD0C41F215522A300967947 /* FinalProjectDone.xcdatamodel */;
			path = FinalProjectDone.xcdatamodeld;
			sourceTree = "<group>";
			versionGroupType = wrapper.xcdatamodel;
		};
/* End XCVersionGroup section */
	};
	rootObject = 8CD0C40C215522A300967947 /* Project object */;
}
